
Microsoft Visual Studio Solution File, Format Version 12.00
# Visual Studio 2015
Project("{FAE04EC0-301F-11D3-BF4B-00C04F79EFBC}") = "Skquirm.CSharp.Plugins", "Skquirm.CSharp.Plugins.csproj", "{79DE377B-C5A0-8441-CBE8-33E319AA9838}"
EndProject
Project("{FAE04EC0-301F-11D3-BF4B-00C04F79EFBC}") = "Skquirm.CSharp", "Skquirm.CSharp.csproj", "{3AB224F2-E420-3A64-8ACF-C6B703F3F96C}"
EndProject
Global
	GlobalSection(SolutionConfigurationPlatforms) = preSolution
		Debug|Any CPU = Debug|Any CPU
		Release|Any CPU = Release|Any CPU
	EndGlobalSection
	GlobalSection(ProjectConfigurationPlatforms) = postSolution
		{79DE377B-C5A0-8441-CBE8-33E319AA9838}.Debug|Any CPU.ActiveCfg = Debug|Any CPU
		{79DE377B-C5A0-8441-CBE8-33E319AA9838}.Debug|Any CPU.Build.0 = Debug|Any CPU
		{79DE377B-C5A0-8441-CBE8-33E319AA9838}.Release|Any CPU.ActiveCfg = Release|Any CPU
		{79DE377B-C5A0-8441-CBE8-33E319AA9838}.Release|Any CPU.Build.0 = Release|Any CPU
		{3AB224F2-E420-3A64-8ACF-C6B703F3F96C}.Debug|Any CPU.ActiveCfg = Debug|Any CPU
		{3AB224F2-E420-3A64-8ACF-C6B703F3F96C}.Debug|Any CPU.Build.0 = Debug|Any CPU
		{3AB224F2-E420-3A64-8ACF-C6B703F3F96C}.Release|Any CPU.ActiveCfg = Release|Any CPU
		{3AB224F2-E420-3A64-8ACF-C6B703F3F96C}.Release|Any CPU.Build.0 = Release|Any CPU
	EndGlobalSection
	GlobalSection(SolutionProperties) = preSolution
		HideSolutionNode = FALSE
	EndGlobalSection
EndGlobal
